# THIS IS AN AUTOGENERATED FILE. DO NOT EDIT THIS FILE DIRECTLY.
# yarn lockfile v1


"@types/node@*":
  version "11.13.4"
  resolved "https://registry.yarnpkg.com/@types/node/-/node-11.13.4.tgz#f83ec3c3e05b174b7241fadeb6688267fe5b22ca"
  integrity sha512-+rabAZZ3Yn7tF/XPGHupKIL5EcAbrLxnTr/hgQICxbeuAfWtT0UZSfULE+ndusckBItcv4o6ZeOJplQikVcLvQ==

"@types/node@^10.5.1":
  version "10.14.4"
  resolved "https://registry.yarnpkg.com/@types/node/-/node-10.14.4.tgz#1c586b991457cbb58fef51bc4e0cfcfa347714b5"
  integrity sha512-DT25xX/YgyPKiHFOpNuANIQIVvYEwCWXgK2jYYwqgaMrYE6+tq+DtmMwlD3drl6DJbUwtlIDnn0d7tIn/EbXBg==

"@types/tape@^4.2.32":
  version "4.2.33"
  resolved "https://registry.yarnpkg.com/@types/tape/-/tape-4.2.33.tgz#3583953eaff5f8a77e65ad6ff197741457aaaab9"
  integrity sha512-ltfyuY5BIkYlGuQfwqzTDT8f0q8Z5DGppvUnWGs39oqDmMd6/UWhNpX3ZMh/VYvfxs3rFGHMrLC/eGRdLiDGuw==
  dependencies:
    "@types/node" "*"

commander@^2.20.0:
  version "2.20.0"
  resolved "https://registry.yarnpkg.com/commander/-/commander-2.20.0.tgz#d58bb2b5c1ee8f87b0d340027e9e94e222c5a422"
  integrity sha512-7j2y+40w61zy6YC2iRNpUe/NwhNyoXrYpHMrSunaMG64nRnaf96zO/KMQR4OyN/UnE5KLyEBnKHd4aG3rskjpQ==

fs@^0.0.1-security:
  version "0.0.1-security"
  resolved "https://registry.yarnpkg.com/fs/-/fs-0.0.1-security.tgz#8a7bd37186b6dddf3813f23858b57ecaaf5e41d4"
  integrity sha1-invTcYa23d84E/I4WLV+yq9eQdQ=

int64-buffer@^0.99.1007:
  version "0.99.1007"
  resolved "https://registry.yarnpkg.com/int64-buffer/-/int64-buffer-0.99.1007.tgz#211ea089a2fdb960070a2e77cd6d17dc456a5220"
  integrity sha512-XDBEu44oSTqlvCSiOZ/0FoUkpWu/vwjJLGSKDabNISPQNZ5wub1FodGHBljRsrR0IXRPq7SslshZYMuA55CgTQ==

js-sha256@^0.9.0:
  version "0.9.0"
  resolved "https://registry.yarnpkg.com/js-sha256/-/js-sha256-0.9.0.tgz#0b89ac166583e91ef9123644bd3c5334ce9d0966"
  integrity sha512-sga3MHh9sgQN2+pJ9VYZ+1LPwXOxuBJBA5nrR5/ofPfuiJBE2hnjsaN8se8JznOmGLN2p49Pe5U/ttafcs/apA==

quickselect@^1.0.0:
  version "1.1.1"
  resolved "https://registry.yarnpkg.com/quickselect/-/quickselect-1.1.1.tgz#852e412ce418f237ad5b660d70cffac647ae94c2"
  integrity sha512-qN0Gqdw4c4KGPsBOQafj6yj/PA6c/L63f6CaZ/DCF/xF4Esu3jVmKLUDYxghFx8Kb/O7y9tI7x2RjTSXwdK1iQ==

rbush-3d@^0.0.4:
  version "0.0.4"
  resolved "https://registry.yarnpkg.com/rbush-3d/-/rbush-3d-0.0.4.tgz#0667369398a283340a460310a6fa973c32b7405f"
  integrity sha512-s02wJ4Oawn3xdfIUN1hO+dhIcI3zL4vFs+yTlFn/U1jpHh3zaIcaOhLVL6SxyhB4vR/wad77HVJ9dG/ZyLZ6tQ==
  dependencies:
    "@types/node" "^10.5.1"
    "@types/tape" "^4.2.32"
    quickselect "^1.0.0"
